
Microsoft Visual Studio Solution File, Format Version 12.00
# Visual Studio Version 17
VisualStudioVersion = 17.4.33213.308
MinimumVisualStudioVersion = 10.0.40219.1
Project("{FAE04EC0-301F-11D3-BF4B-00C04F79EFBC}") = "libreriaCS", "libreriaCS\libreriaCS.csproj", "{EB6993D6-C315-4EA7-A0B2-3EC48965F84E}"
EndProject
Global
	GlobalSection(SolutionConfigurationPlatforms) = preSolution
		Debug|Any CPU = Debug|Any CPU
		Release|Any CPU = Release|Any CPU
	EndGlobalSection
	GlobalSection(ProjectConfigurationPlatforms) = postSolution
		{EB6993D6-C315-4EA7-A0B2-3EC48965F84E}.Debug|Any CPU.ActiveCfg = Debug|Any CPU
		{EB6993D6-C315-4EA7-A0B2-3EC48965F84E}.Debug|Any CPU.Build.0 = Debug|Any CPU
		{EB6993D6-C315-4EA7-A0B2-3EC48965F84E}.Release|Any CPU.ActiveCfg = Release|Any CPU
		{EB6993D6-C315-4EA7-A0B2-3EC48965F84E}.Release|Any CPU.Build.0 = Release|Any CPU
	EndGlobalSection
	GlobalSection(SolutionProperties) = preSolution
		HideSolutionNode = FALSE
	EndGlobalSection
	GlobalSection(ExtensibilityGlobals) = postSolution
		SolutionGuid = {588AF30C-08CF-457A-9A3C-75E83AC00640}
	EndGlobalSection
EndGlobal
